
Microsoft Visual Studio Solution File, Format Version 12.00
# Visual Studio 15
VisualStudioVersion = 15.0.28307.539
MinimumVisualStudioVersion = 10.0.40219.1
Project("{FAE04EC0-301F-11D3-BF4B-00C04F79EFBC}") = "iGotUp.Api", "iGotUp.Api\iGotUp.Api.csproj", "{BDD0BFAA-163D-4946-988B-8CAE5647A33C}"
EndProject
Global
	GlobalSection(SolutionConfigurationPlatforms) = preSolution
		Debug|Any CPU = Debug|Any CPU
		Release|Any CPU = Release|Any CPU
	EndGlobalSection
	GlobalSection(ProjectConfigurationPlatforms) = postSolution
		{BDD0BFAA-163D-4946-988B-8CAE5647A33C}.Debug|Any CPU.ActiveCfg = Debug|Any CPU
		{BDD0BFAA-163D-4946-988B-8CAE5647A33C}.Debug|Any CPU.Build.0 = Debug|Any CPU
		{BDD0BFAA-163D-4946-988B-8CAE5647A33C}.Release|Any CPU.ActiveCfg = Release|Any CPU
		{BDD0BFAA-163D-4946-988B-8CAE5647A33C}.Release|Any CPU.Build.0 = Release|Any CPU
	EndGlobalSection
	GlobalSection(SolutionProperties) = preSolution
		HideSolutionNode = FALSE
	EndGlobalSection
	GlobalSection(ExtensibilityGlobals) = postSolution
		SolutionGuid = {3149A951-D3C8-4769-9553-8D2A9027B367}
	EndGlobalSection
EndGlobal
